
Microsoft Visual Studio Solution File, Format Version 12.00
# Visual Studio Version 16
VisualStudioVersion = 16.0.29911.98
MinimumVisualStudioVersion = 10.0.40219.1
Project("{9A19103F-16F7-4668-BE54-9A1E7A4F7556}") = "MyBlog.Server", "MyBlog.Server\MyBlog.Server.csproj", "{D3228672-8D10-4580-8015-FE1947F54F09}"
EndProject
Global
	GlobalSection(SolutionConfigurationPlatforms) = preSolution
		Debug|Any CPU = Debug|Any CPU
		Release|Any CPU = Release|Any CPU
	EndGlobalSection
	GlobalSection(ProjectConfigurationPlatforms) = postSolution
		{D3228672-8D10-4580-8015-FE1947F54F09}.Debug|Any CPU.ActiveCfg = Debug|Any CPU
		{D3228672-8D10-4580-8015-FE1947F54F09}.Debug|Any CPU.Build.0 = Debug|Any CPU
		{D3228672-8D10-4580-8015-FE1947F54F09}.Release|Any CPU.ActiveCfg = Release|Any CPU
		{D3228672-8D10-4580-8015-FE1947F54F09}.Release|Any CPU.Build.0 = Release|Any CPU
	EndGlobalSection
	GlobalSection(SolutionProperties) = preSolution
		HideSolutionNode = FALSE
	EndGlobalSection
	GlobalSection(ExtensibilityGlobals) = postSolution
		SolutionGuid = {0D2E2ECE-3375-43FF-A56A-0CA87C6091E1}
	EndGlobalSection
EndGlobal
